// !$*UTF8*$!
{
	archiveVersion = 1;
	classes = {
	};
	objectVersion = 50;
	objects = {

/* Begin PBXBuildFile section */
		C09A22482535CFCA001DCDB8 /* jus4kApp.swift in Sources */ = {isa = PBXBuildFile; fileRef = C09A22472535CFCA001DCDB8 /* jus4kApp.swift */; };
		C09A224A2535CFCA001DCDB8 /* ContentView.swift in Sources */ = {isa = PBXBuildFile; fileRef = C09A22492535CFCA001DCDB8 /* ContentView.swift */; };
		C09A224C2535CFCB001DCDB8 /* Assets.xcassets in Resources */ = {isa = PBXBuildFile; fileRef = C09A224B2535CFCB001DCDB8 /* Assets.xcassets */; };
		C09A224F2535CFCB001DCDB8 /* Preview Assets.xcassets in Resources */ = {isa = PBXBuildFile; fileRef = C09A224E2535CFCB001DCDB8 /* Preview Assets.xcassets */; };
		C0E5B2EA2538F17700738AEF /* Quuk.xcdatamodeld in Sources */ = {isa = PBXBuildFile; fileRef = C0E5B2E82538F17700738AEF /* Quuk.xcdatamodeld */; };
		C0E5B2ED2538F1FF00738AEF /* persistence.swift in Sources */ = {isa = PBXBuildFile; fileRef = C0E5B2EC2538F1FF00738AEF /* persistence.swift */; };
/* End PBXBuildFile section */

/* Begin PBXFileReference section */
		C09A22442535CFCA001DCDB8 /* jus4k.app */ = {isa = PBXFileReference; explicitFileType = wrapper.application; includeInIndex = 0; path = jus4k.app; sourceTree = BUILT_PRODUCTS_DIR; };
		C09A22472535CFCA001DCDB8 /* jus4kApp.swift */ = {isa = PBXFileReference; lastKnownFileType = sourcecode.swift; path = jus4kApp.swift; sourceTree = "<group>"; };
		C09A22492535CFCA001DCDB8 /* ContentView.swift */ = {isa = PBXFileReference; lastKnownFileType = sourcecode.swift; path = ContentView.swift; sourceTree = "<group>"; };
		C09A224B2535CFCB001DCDB8 /* Assets.xcassets */ = {isa = PBXFileReference; lastKnownFileType = folder.assetcatalog; path = Assets.xcassets; sourceTree = "<group>"; };
		C09A224E2535CFCB001DCDB8 /* Preview Assets.xcassets */ = {isa = PBXFileReference; lastKnownFileType = folder.assetcatalog; path = "Preview Assets.xcassets"; sourceTree = "<group>"; };
		C09A22502535CFCB001DCDB8 /* Info.plist */ = {isa = PBXFileReference; lastKnownFileType = text.plist.xml; path = Info.plist; sourceTree = "<group>"; };
		C0E5B2E92538F17700738AEF /* Quuk.xcdatamodel */ = {isa = PBXFileReference; lastKnownFileType = wrapper.xcdatamodel; path = Quuk.xcdatamodel; sourceTree = "<group>"; };
		C0E5B2EC2538F1FF00738AEF /* persistence.swift */ = {isa = PBXFileReference; lastKnownFileType = sourcecode.swift; path = persistence.swift; sourceTree = "<group>"; };
/* End PBXFileReference section */

/* Begin PBXFrameworksBuildPhase section */
		C09A22412535CFCA001DCDB8 /* Frameworks */ = {
			isa = PBXFrameworksBuildPhase;
			buildActionMask = 2147483647;
			files = (
			);
			runOnlyForDeploymentPostprocessing = 0;
		};
/* End PBXFrameworksBuildPhase section */

/* Begin PBXGroup section */
		C09A223B2535CFCA001DCDB8 = {
			isa = PBXGroup;
			children = (
				C09A22462535CFCA001DCDB8 /* jus4k */,
				C09A22452535CFCA001DCDB8 /* Products */,
			);
			sourceTree = "<group>";
		};
		C09A22452535CFCA001DCDB8 /* Products */ = {
			isa = PBXGroup;
			children = (
				C09A22442535CFCA001DCDB8 /* jus4k.app */,
			);
			name = Products;
			sourceTree = "<group>";
		};
		C09A22462535CFCA001DCDB8 /* jus4k */ = {
			isa = PBXGroup;
			children = (
				C09A22472535CFCA001DCDB8 /* jus4kApp.swift */,
				C09A22492535CFCA001DCDB8 /* ContentView.swift */,
				C0E5B2EC2538F1FF00738AEF /* persistence.swift */,
				C0E5B2E82538F17700738AEF /* Quuk.xcdatamodeld */,
				C09A224B2535CFCB001DCDB8 /* Assets.xcassets */,
				C09A22502535CFCB001DCDB8 /* Info.plist */,
				C09A224D2535CFCB001DCDB8 /* Preview Content */,
			);
			path = jus4k;
			sourceTree = "<group>";
		};
		C09A224D2535CFCB001DCDB8 /* Preview Content */ = {
			isa = PBXGroup;
			children = (
				C09A224E2535CFCB001DCDB8 /* Preview Assets.xcassets */,
			);
			path = "Preview Content";
			sourceTree = "<group>";
		};
/* End PBXGroup section */

/* Begin PBXNativeTarget section */
		C09A22432535CFCA001DCDB8 /* jus4k */ = {
			isa = PBXNativeTarget;
			buildConfigurationList = C09A22532535CFCB001DCDB8 /* Build configuration list for PBXNativeTarget "jus4k" */;
			buildPhases = (
				C09A22402535CFCA001DCDB8 /* Sources */,
				C09A22412535CFCA001DCDB8 /* Frameworks */,
				C09A22422535CFCA001DCDB8 /* Resources */,
			);
			buildRules = (
			);
			dependencies = (
			);
			name = jus4k;
			productName = jus4k;
			productReference = C09A22442535CFCA001DCDB8 /* jus4k.app */;
			productType = "com.apple.product-type.application";
		};
/* End PBXNativeTarget section */

/* Begin PBXProject section */
		C09A223C2535CFCA001DCDB8 /* Project object */ = {
			isa = PBXProject;
			attributes = {
				LastSwiftUpdateCheck = 1200;
				LastUpgradeCheck = 1200;
				TargetAttributes = {
					C09A22432535CFCA001DCDB8 = {
						CreatedOnToolsVersion = 12.0.1;
					};
				};
			};
			buildConfigurationList = C09A223F2535CFCA001DCDB8 /* Build configuration list for PBXProject "jus4k" */;
			compatibilityVersion = "Xcode 9.3";
			developmentRegion = en;
			hasScannedForEncodings = 0;
			knownRegions = (
				en,
				Base,
			);
			mainGroup = C09A223B2535CFCA001DCDB8;
			productRefGroup = C09A22452535CFCA001DCDB8 /* Products */;
			projectDirPath = "";
			projectRoot = "";
			targets = (
				C09A22432535CFCA001DCDB8 /* jus4k */,
			);
		};
/* End PBXProject section */

/* Begin PBXResourcesBuildPhase section */
		C09A22422535CFCA001DCDB8 /* Resources */ = {
			isa = PBXResourcesBuildPhase;
			buildActionMask = 2147483647;
			files = (
				C09A224F2535CFCB001DCDB8 /* Preview Assets.xcassets in Resources */,
				C09A224C2535CFCB001DCDB8 /* Assets.xcassets in Resources */,
			);
			runOnlyForDeploymentPostprocessing = 0;
		};
/* End PBXResourcesBuildPhase section */

/* Begin PBXSourcesBuildPhase section */
		C09A22402535CFCA001DCDB8 /* Sources */ = {
			isa = PBXSourcesBuildPhase;
			buildActionMask = 2147483647;
			files = (
				C09A224A2535CFCA001DCDB8 /* ContentView.swift in Sources */,
				C0E5B2ED2538F1FF00738AEF /* persistence.swift in Sources */,
				C0E5B2EA2538F17700738AEF /* Quuk.xcdatamodeld in Sources */,
				C09A22482535CFCA001DCDB8 /* jus4kApp.swift in Sources */,
			);
			runOnlyForDeploymentPostprocessing = 0;
		};
/* End PBXSourcesBuildPhase section */

/* Begin XCBuildConfiguration section */
		C09A22512535CFCB001DCDB8 /* Debug */ = {
			isa = XCBuildConfiguration;
			buildSettings = {
				ALWAYS_SEARCH_USER_PATHS = NO;
				CLANG_ANALYZER_NONNULL = YES;
				CLANG_ANALYZER_NUMBER_OBJECT_CONVERSION = YES_AGGRESSIVE;
				CLANG_CXX_LANGUAGE_STANDARD = "gnu++14";
				CLANG_CXX_LIBRARY = "libc++";
				CLANG_ENABLE_MODULES = YES;
				CLANG_ENABLE_OBJC_ARC = YES;
				CLANG_ENABLE_OBJC_WEAK = YES;
				CLANG_WARN_BLOCK_CAPTURE_AUTORELEASING = YES;
				CLANG_WARN_BOOL_CONVERSION = YES;
				CLANG_WARN_COMMA = YES;
				CLANG_WARN_CONSTANT_CONVERSION = YES;
				CLANG_WARN_DEPRECATED_OBJC_IMPLEMENTATIONS = YES;
				CLANG_WARN_DIRECT_OBJC_ISA_USAGE = YES_ERROR;
				CLANG_WARN_DOCUMENTATION_COMMENTS = YES;
				CLANG_WARN_EMPTY_BODY = YES;
				CLANG_WARN_ENUM_CONVERSION = YES;
				CLANG_WARN_INFINITE_RECURSION = YES;
				CLANG_WARN_INT_CONVERSION = YES;
				CLANG_WARN_NON_LITERAL_NULL_CONVERSION = YES;
				CLANG_WARN_OBJC_IMPLICIT_RETAIN_SELF = YES;
				CLANG_WARN_OBJC_LITERAL_CONVERSION = YES;
				CLANG_WARN_OBJC_ROOT_CLASS = YES_ERROR;
				CLANG_WARN_QUOTED_INCLUDE_IN_FRAMEWORK_HEADER = YES;
				CLANG_WARN_RANGE_LOOP_ANALYSIS = YES;
				CLANG_WARN_STRICT_PROTOTYPES = YES;
				CLANG_WARN_SUSPICIOUS_MOVE = YES;
				CLANG_WARN_UNGUARDED_AVAILABILITY = YES_AGGRESSIVE;
				CLANG_WARN_UNREACHABLE_CODE = YES;
				CLANG_WARN__DUPLICATE_METHOD_MATCH = YES;
				COPY_PHASE_STRIP = NO;
				DEBUG_INFORMATION_FORMAT = dwarf;
				ENABLE_STRICT_OBJC_MSGSEND = YES;
				ENABLE_TESTABILITY = YES;
				GCC_C_LANGUAGE_STANDARD = gnu11;
				GCC_DYNAMIC_NO_PIC = NO;
				GCC_NO_COMMON_BLOCKS = YES;
				GCC_OPTIMIZATION_LEVEL = 0;
				GCC_PREPROCESSOR_DEFINITIONS = (
					"DEBUG=1",
					"$(inherited)",
				);
				GCC_WARN_64_TO_32_BIT_CONVERSION = YES;
				GCC_WARN_ABOUT_RETURN_TYPE = YES_ERROR;
				GCC_WARN_UNDECLARED_SELECTOR = YES;
				GCC_WARN_UNINITIALIZED_AUTOS = YES_AGGRESSIVE;
				GCC_WARN_UNUSED_FUNCTION = YES;
				GCC_WARN_UNUSED_VARIABLE = YES;
				IPHONEOS_DEPLOYMENT_TARGET = 14.0;
				MTL_ENABLE_DEBUG_INFO = INCLUDE_SOURCE;
				MTL_FAST_MATH = YES;
				ONLY_ACTIVE_ARCH = YES;
				SDKROOT = iphoneos;
				SWIFT_ACTIVE_COMPILATION_CONDITIONS = DEBUG;
				SWIFT_OPTIMIZATION_LEVEL = "-Onone";
			};
			name = Debug;
		};
		C09A22522535CFCB001DCDB8 /* Release */ = {
			isa = XCBuildConfiguration;
			buildSettings = {
				ALWAYS_SEARCH_USER_PATHS = NO;
				CLANG_ANALYZER_NONNULL = YES;
				CLANG_ANALYZER_NUMBER_OBJECT_CONVERSION = YES_AGGRESSIVE;
				CLANG_CXX_LANGUAGE_STANDARD = "gnu++14";
				CLANG_CXX_LIBRARY = "libc++";
				CLANG_ENABLE_MODULES = YES;
				CLANG_ENABLE_OBJC_ARC = YES;
				CLANG_ENABLE_OBJC_WEAK = YES;
				CLANG_WARN_BLOCK_CAPTURE_AUTORELEASING = YES;
				CLANG_WARN_BOOL_CONVERSION = YES;
				CLANG_WARN_COMMA = YES;
				CLANG_WARN_CONSTANT_CONVERSION = YES;
				CLANG_WARN_DEPRECATED_OBJC_IMPLEMENTATIONS = YES;
				CLANG_WARN_DIRECT_OBJC_ISA_USAGE = YES_ERROR;
				CLANG_WARN_DOCUMENTATION_COMMENTS = YES;
				CLANG_WARN_EMPTY_BODY = YES;
				CLANG_WARN_ENUM_CONVERSION = YES;
				CLANG_WARN_INFINITE_RECURSION = YES;
				CLANG_WARN_INT_CONVERSION = YES;
				CLANG_WARN_NON_LITERAL_NULL_CONVERSION = YES;
				CLANG_WARN_OBJC_IMPLICIT_RETAIN_SELF = YES;
				CLANG_WARN_OBJC_LITERAL_CONVERSION = YES;
				CLANG_WARN_OBJC_ROOT_CLASS = YES_ERROR;
				CLANG_WARN_QUOTED_INCLUDE_IN_FRAMEWORK_HEADER = YES;
				CLANG_WARN_RANGE_LOOP_ANALYSIS = YES;
				CLANG_WARN_STRICT_PROTOTYPES = YES;
				CLANG_WARN_SUSPICIOUS_MOVE = YES;
				CLANG_WARN_UNGUARDED_AVAILABILITY = YES_AGGRESSIVE;
				CLANG_WARN_UNREACHABLE_CODE = YES;
				CLANG_WARN__DUPLICATE_METHOD_MATCH = YES;
				COPY_PHASE_STRIP = NO;
				DEBUG_INFORMATION_FORMAT = "dwarf-with-dsym";
				ENABLE_NS_ASSERTIONS = NO;
				ENABLE_STRICT_OBJC_MSGSEND = YES;
				GCC_C_LANGUAGE_STANDARD = gnu11;
				GCC_NO_COMMON_BLOCKS = YES;
				GCC_WARN_64_TO_32_BIT_CONVERSION = YES;
				GCC_WARN_ABOUT_RETURN_TYPE = YES_ERROR;
				GCC_WARN_UNDECLARED_SELECTOR = YES;
				GCC_WARN_UNINITIALIZED_AUTOS = YES_AGGRESSIVE;
				GCC_WARN_UNUSED_FUNCTION = YES;
				GCC_WARN_UNUSED_VARIABLE = YES;
				IPHONEOS_DEPLOYMENT_TARGET = 14.0;
				MTL_ENABLE_DEBUG_INFO = NO;
				MTL_FAST_MATH = YES;
				SDKROOT = iphoneos;
				SWIFT_COMPILATION_MODE = wholemodule;
				SWIFT_OPTIMIZATION_LEVEL = "-O";
				VALIDATE_PRODUCT = YES;
			};
			name = Release;
		};
		C09A22542535CFCB001DCDB8 /* Debug */ = {
			isa = XCBuildConfiguration;
			buildSettings = {
				ASSETCATALOG_COMPILER_APPICON_NAME = AppIcon;
				ASSETCATALOG_COMPILER_GLOBAL_ACCENT_COLOR_NAME = AccentColor;
				CODE_SIGN_STYLE = Automatic;
				DEVELOPMENT_ASSET_PATHS = "\"jus4k/Preview Content\"";
				DEVELOPMENT_TEAM = 2P5K8VS57T;
				ENABLE_PREVIEWS = YES;
				INFOPLIST_FILE = jus4k/Info.plist;
				IPHONEOS_DEPLOYMENT_TARGET = 14.0;
				LD_RUNPATH_SEARCH_PATHS = (
					"$(inherited)",
					"@executable_path/Frameworks",
				);
				PRODUCT_BUNDLE_IDENTIFIER = com.wahyujus.jus4k;
				PRODUCT_NAME = "$(TARGET_NAME)";
				SWIFT_VERSION = 5.0;
				TARGETED_DEVICE_FAMILY = "1,2";
			};
			name = Debug;
		};
		C09A22552535CFCB001DCDB8 /* Release */ = {
			isa = XCBuildConfiguration;
			buildSettings = {
				ASSETCATALOG_COMPILER_APPICON_NAME = AppIcon;
				ASSETCATALOG_COMPILER_GLOBAL_ACCENT_COLOR_NAME = AccentColor;
				CODE_SIGN_STYLE = Automatic;
				DEVELOPMENT_ASSET_PATHS = "\"jus4k/Preview Content\"";
				DEVELOPMENT_TEAM = 2P5K8VS57T;
				ENABLE_PREVIEWS = YES;
				INFOPLIST_FILE = jus4k/Info.plist;
				IPHONEOS_DEPLOYMENT_TARGET = 14.0;
				LD_RUNPATH_SEARCH_PATHS = (
					"$(inherited)",
					"@executable_path/Frameworks",
				);
				PRODUCT_BUNDLE_IDENTIFIER = com.wahyujus.jus4k;
				PRODUCT_NAME = "$(TARGET_NAME)";
				SWIFT_VERSION = 5.0;
				TARGETED_DEVICE_FAMILY = "1,2";
			};
			name = Release;
		};
/* End XCBuildConfiguration section */

/* Begin XCConfigurationList section */
		C09A223F2535CFCA001DCDB8 /* Build configuration list for PBXProject "jus4k" */ = {
			isa = XCConfigurationList;
			buildConfigurations = (
				C09A22512535CFCB001DCDB8 /* Debug */,
				C09A22522535CFCB001DCDB8 /* Release */,
			);
			defaultConfigurationIsVisible = 0;
			defaultConfigurationName = Release;
		};
		C09A22532535CFCB001DCDB8 /* Build configuration list for PBXNativeTarget "jus4k" */ = {
			isa = XCConfigurationList;
			buildConfigurations = (
				C09A22542535CFCB001DCDB8 /* Debug */,
				C09A22552535CFCB001DCDB8 /* Release */,
			);
			defaultConfigurationIsVisible = 0;
			defaultConfigurationName = Release;
		};
/* End XCConfigurationList section */

/* Begin XCVersionGroup section */
		C0E5B2E82538F17700738AEF /* Quuk.xcdatamodeld */ = {
			isa = XCVersionGroup;
			children = (
				C0E5B2E92538F17700738AEF /* Quuk.xcdatamodel */,
			);
			currentVersion = C0E5B2E92538F17700738AEF /* Quuk.xcdatamodel */;
			path = Quuk.xcdatamodeld;
			sourceTree = "<group>";
			versionGroupType = wrapper.xcdatamodel;
		};
/* End XCVersionGroup section */
	};
	rootObject = C09A223C2535CFCA001DCDB8 /* Project object */;
}
